
Microsoft Visual Studio Solution File, Format Version 12.00
# Visual Studio 14
VisualStudioVersion = 14.0.25420.1
MinimumVisualStudioVersion = 10.0.40219.1
Project("{2150E333-8FDC-42A3-9474-1A3956D46DE8}") = "Stack", "Stack", "{40B6A8CB-5A84-444D-91FF-00E230292458}"
EndProject
Project("{8BC9CEB8-8B4A-11D0-8D11-00A0C91BC942}") = "StackUsingArray", "Stack\StackUsingArray\StackUsingArray.vcxproj", "{63530C02-B51F-440B-B554-0A5A70AF3902}"
EndProject
Project("{8BC9CEB8-8B4A-11D0-8D11-00A0C91BC942}") = "StackUsingLinkedList", "Stack\StackUsingLinkedList\StackUsingLinkedList.vcxproj", "{75628FB3-2113-43EC-8389-296BE898DE30}"
EndProject
Project("{2150E333-8FDC-42A3-9474-1A3956D46DE8}") = "Queue", "Queue", "{168841C6-6392-4900-B1A1-ECA333985758}"
EndProject
Project("{8BC9CEB8-8B4A-11D0-8D11-00A0C91BC942}") = "QueueUsingArray", "Queue\QueueUsingArray\QueueUsingArray.vcxproj", "{196ABE52-B0B0-4717-8C25-63042036A089}"
EndProject
Project("{8BC9CEB8-8B4A-11D0-8D11-00A0C91BC942}") = "QueueUsingLinkedList", "Queue\QueueUsingLinkedList\QueueUsingLinkedList.vcxproj", "{9523862A-122A-4018-91E4-FEE8778F3295}"
EndProject
Project("{2150E333-8FDC-42A3-9474-1A3956D46DE8}") = "List", "List", "{1B75C268-348D-4AC8-BF6B-3757DC340335}"
EndProject
Project("{8BC9CEB8-8B4A-11D0-8D11-00A0C91BC942}") = "LinkedList", "List\LinkedList\LinkedList.vcxproj", "{D235411C-859E-4287-BF24-6B8F91C5C71E}"
EndProject
Project("{8BC9CEB8-8B4A-11D0-8D11-00A0C91BC942}") = "SkipList", "List\SkipList\SkipList.vcxproj", "{99685A96-DBEE-42B3-B57C-AC1BDCD0C7E2}"
EndProject
Global
	GlobalSection(SolutionConfigurationPlatforms) = preSolution
		Debug|x64 = Debug|x64
		Debug|x86 = Debug|x86
		Release|x64 = Release|x64
		Release|x86 = Release|x86
	EndGlobalSection
	GlobalSection(ProjectConfigurationPlatforms) = postSolution
		{63530C02-B51F-440B-B554-0A5A70AF3902}.Debug|x64.ActiveCfg = Debug|x64
		{63530C02-B51F-440B-B554-0A5A70AF3902}.Debug|x64.Build.0 = Debug|x64
		{63530C02-B51F-440B-B554-0A5A70AF3902}.Debug|x86.ActiveCfg = Debug|Win32
		{63530C02-B51F-440B-B554-0A5A70AF3902}.Debug|x86.Build.0 = Debug|Win32
		{63530C02-B51F-440B-B554-0A5A70AF3902}.Release|x64.ActiveCfg = Release|x64
		{63530C02-B51F-440B-B554-0A5A70AF3902}.Release|x64.Build.0 = Release|x64
		{63530C02-B51F-440B-B554-0A5A70AF3902}.Release|x86.ActiveCfg = Release|Win32
		{63530C02-B51F-440B-B554-0A5A70AF3902}.Release|x86.Build.0 = Release|Win32
		{75628FB3-2113-43EC-8389-296BE898DE30}.Debug|x64.ActiveCfg = Debug|x64
		{75628FB3-2113-43EC-8389-296BE898DE30}.Debug|x64.Build.0 = Debug|x64
		{75628FB3-2113-43EC-8389-296BE898DE30}.Debug|x86.ActiveCfg = Debug|Win32
		{75628FB3-2113-43EC-8389-296BE898DE30}.Debug|x86.Build.0 = Debug|Win32
		{75628FB3-2113-43EC-8389-296BE898DE30}.Release|x64.ActiveCfg = Release|x64
		{75628FB3-2113-43EC-8389-296BE898DE30}.Release|x64.Build.0 = Release|x64
		{75628FB3-2113-43EC-8389-296BE898DE30}.Release|x86.ActiveCfg = Release|Win32
		{75628FB3-2113-43EC-8389-296BE898DE30}.Release|x86.Build.0 = Release|Win32
		{196ABE52-B0B0-4717-8C25-63042036A089}.Debug|x64.ActiveCfg = Debug|x64
		{196ABE52-B0B0-4717-8C25-63042036A089}.Debug|x64.Build.0 = Debug|x64
		{196ABE52-B0B0-4717-8C25-63042036A089}.Debug|x86.ActiveCfg = Debug|Win32
		{196ABE52-B0B0-4717-8C25-63042036A089}.Debug|x86.Build.0 = Debug|Win32
		{196ABE52-B0B0-4717-8C25-63042036A089}.Release|x64.ActiveCfg = Release|x64
		{196ABE52-B0B0-4717-8C25-63042036A089}.Release|x64.Build.0 = Release|x64
		{196ABE52-B0B0-4717-8C25-63042036A089}.Release|x86.ActiveCfg = Release|Win32
		{196ABE52-B0B0-4717-8C25-63042036A089}.Release|x86.Build.0 = Release|Win32
		{9523862A-122A-4018-91E4-FEE8778F3295}.Debug|x64.ActiveCfg = Debug|x64
		{9523862A-122A-4018-91E4-FEE8778F3295}.Debug|x64.Build.0 = Debug|x64
		{9523862A-122A-4018-91E4-FEE8778F3295}.Debug|x86.ActiveCfg = Debug|Win32
		{9523862A-122A-4018-91E4-FEE8778F3295}.Debug|x86.Build.0 = Debug|Win32
		{9523862A-122A-4018-91E4-FEE8778F3295}.Release|x64.ActiveCfg = Release|x64
		{9523862A-122A-4018-91E4-FEE8778F3295}.Release|x64.Build.0 = Release|x64
		{9523862A-122A-4018-91E4-FEE8778F3295}.Release|x86.ActiveCfg = Release|Win32
		{9523862A-122A-4018-91E4-FEE8778F3295}.Release|x86.Build.0 = Release|Win32
		{D235411C-859E-4287-BF24-6B8F91C5C71E}.Debug|x64.ActiveCfg = Debug|x64
		{D235411C-859E-4287-BF24-6B8F91C5C71E}.Debug|x64.Build.0 = Debug|x64
		{D235411C-859E-4287-BF24-6B8F91C5C71E}.Debug|x86.ActiveCfg = Debug|Win32
		{D235411C-859E-4287-BF24-6B8F91C5C71E}.Debug|x86.Build.0 = Debug|Win32
		{D235411C-859E-4287-BF24-6B8F91C5C71E}.Release|x64.ActiveCfg = Release|x64
		{D235411C-859E-4287-BF24-6B8F91C5C71E}.Release|x64.Build.0 = Release|x64
		{D235411C-859E-4287-BF24-6B8F91C5C71E}.Release|x86.ActiveCfg = Release|Win32
		{D235411C-859E-4287-BF24-6B8F91C5C71E}.Release|x86.Build.0 = Release|Win32
		{99685A96-DBEE-42B3-B57C-AC1BDCD0C7E2}.Debug|x64.ActiveCfg = Debug|x64
		{99685A96-DBEE-42B3-B57C-AC1BDCD0C7E2}.Debug|x64.Build.0 = Debug|x64
		{99685A96-DBEE-42B3-B57C-AC1BDCD0C7E2}.Debug|x86.ActiveCfg = Debug|Win32
		{99685A96-DBEE-42B3-B57C-AC1BDCD0C7E2}.Debug|x86.Build.0 = Debug|Win32
		{99685A96-DBEE-42B3-B57C-AC1BDCD0C7E2}.Release|x64.ActiveCfg = Release|x64
		{99685A96-DBEE-42B3-B57C-AC1BDCD0C7E2}.Release|x64.Build.0 = Release|x64
		{99685A96-DBEE-42B3-B57C-AC1BDCD0C7E2}.Release|x86.ActiveCfg = Release|Win32
		{99685A96-DBEE-42B3-B57C-AC1BDCD0C7E2}.Release|x86.Build.0 = Release|Win32
	EndGlobalSection
	GlobalSection(SolutionProperties) = preSolution
		HideSolutionNode = FALSE
	EndGlobalSection
	GlobalSection(NestedProjects) = preSolution
		{63530C02-B51F-440B-B554-0A5A70AF3902} = {40B6A8CB-5A84-444D-91FF-00E230292458}
		{75628FB3-2113-43EC-8389-296BE898DE30} = {40B6A8CB-5A84-444D-91FF-00E230292458}
		{196ABE52-B0B0-4717-8C25-63042036A089} = {168841C6-6392-4900-B1A1-ECA333985758}
		{9523862A-122A-4018-91E4-FEE8778F3295} = {168841C6-6392-4900-B1A1-ECA333985758}
		{D235411C-859E-4287-BF24-6B8F91C5C71E} = {1B75C268-348D-4AC8-BF6B-3757DC340335}
		{99685A96-DBEE-42B3-B57C-AC1BDCD0C7E2} = {1B75C268-348D-4AC8-BF6B-3757DC340335}
	EndGlobalSection
EndGlobal
